{
  "name": "@victorfreitas/awesome-wp-plugin",
  "version": "0.0.1",
  "lockfileVersion": 3,
  "requires": true,
  "packages": {
    "": {
      "name": "@victorfreitas/awesome-wp-plugin",
      "version": "0.0.1",
      "license": "GPL-3.0-or-later",
      "engines": {
        "node": ">=20.17.0",
        "npm": ">=10.8.0"
      }
    }
  }
}
